// !$*UTF8*$!
{
	archiveVersion = 1;
	classes = {
	};
	objectVersion = 56;
	objects = {

/* Begin PBXBuildFile section */
		344FA4A52B96EE8C0025D4DB /* Cubits in Resources */ = {isa = PBXBuildFile; fileRef = 344FA4A42B96EE8C0025D4DB /* Cubits */; };
		344FA4A92B96FB880025D4DB /* CubitsCatalog.scnassets in Resources */ = {isa = PBXBuildFile; fileRef = 344FA4A82B96FB880025D4DB /* CubitsCatalog.scnassets */; };
		344FA4AB2B970F850025D4DB /* CTest.scn in Resources */ = {isa = PBXBuildFile; fileRef = 344FA4AA2B970F850025D4DB /* CTest.scn */; };
		346C21F62B8DD588003CC59D /* SingleCubitView.swift in Sources */ = {isa = PBXBuildFile; fileRef = 346C21F22B8DD587003CC59D /* SingleCubitView.swift */; };
		346C21F72B8DD588003CC59D /* PreInstructions.swift in Sources */ = {isa = PBXBuildFile; fileRef = 346C21F32B8DD588003CC59D /* PreInstructions.swift */; };
		346C21F82B8DD588003CC59D /* SheetView.swift in Sources */ = {isa = PBXBuildFile; fileRef = 346C21F42B8DD588003CC59D /* SheetView.swift */; };
		346D24BD2B62846A00B06FBE /* UserManager.swift in Sources */ = {isa = PBXBuildFile; fileRef = 346D24BC2B62846A00B06FBE /* UserManager.swift */; };
		346D24BF2B628F0000B06FBE /* GoogleService-Info.plist in Resources */ = {isa = PBXBuildFile; fileRef = 346D24BE2B628F0000B06FBE /* GoogleService-Info.plist */; };
		346D24C22B6290EF00B06FBE /* FirebaseAnalytics in Frameworks */ = {isa = PBXBuildFile; productRef = 346D24C12B6290EF00B06FBE /* FirebaseAnalytics */; };
		346D24C42B6290EF00B06FBE /* FirebaseAnalyticsSwift in Frameworks */ = {isa = PBXBuildFile; productRef = 346D24C32B6290EF00B06FBE /* FirebaseAnalyticsSwift */; };
		346D24C62B6290EF00B06FBE /* FirebaseAuth in Frameworks */ = {isa = PBXBuildFile; productRef = 346D24C52B6290EF00B06FBE /* FirebaseAuth */; };
		346D24C92B62925400B06FBE /* AuthView.swift in Sources */ = {isa = PBXBuildFile; fileRef = 346D24C82B62925400B06FBE /* AuthView.swift */; };
		346D24CC2B629F6A00B06FBE /* AuthManager.swift in Sources */ = {isa = PBXBuildFile; fileRef = 346D24CB2B629F6A00B06FBE /* AuthManager.swift */; };
		346D24CF2B662ADB00B06FBE /* FirebaseFirestore in Frameworks */ = {isa = PBXBuildFile; productRef = 346D24CE2B662ADB00B06FBE /* FirebaseFirestore */; };
		346D24D12B662ADB00B06FBE /* FirebaseFirestoreSwift in Frameworks */ = {isa = PBXBuildFile; productRef = 346D24D02B662ADB00B06FBE /* FirebaseFirestoreSwift */; };
		346D24D42B663E4200B06FBE /* AuthViewModel.swift in Sources */ = {isa = PBXBuildFile; fileRef = 346D24D32B663E4200B06FBE /* AuthViewModel.swift */; };
		346D24D62B663EB900B06FBE /* AuthDataResultModel.swift in Sources */ = {isa = PBXBuildFile; fileRef = 346D24D52B663EB900B06FBE /* AuthDataResultModel.swift */; };
		346D24D82B663F0A00B06FBE /* SettingsViewModel.swift in Sources */ = {isa = PBXBuildFile; fileRef = 346D24D72B663F0A00B06FBE /* SettingsViewModel.swift */; };
		34D48EA32B9D5DB200908C49 /* Cubit_5_4_View.swift in Sources */ = {isa = PBXBuildFile; fileRef = 34D48EA22B9D5DB200908C49 /* Cubit_5_4_View.swift */; };
		34D48EA52B9D65E900908C49 /* Cubit_5-4.scn in Resources */ = {isa = PBXBuildFile; fileRef = 34D48EA42B9D65E900908C49 /* Cubit_5-4.scn */; };
		34D48EA92B9D6E6E00908C49 /* Cubit_6-2.scn in Resources */ = {isa = PBXBuildFile; fileRef = 34D48EA82B9D6E6E00908C49 /* Cubit_6-2.scn */; };
		34D48EAB2B9D6F1F00908C49 /* Cubit_7-1.scn in Resources */ = {isa = PBXBuildFile; fileRef = 34D48EAA2B9D6F1F00908C49 /* Cubit_7-1.scn */; };
		34D48EAD2B9D6F4900908C49 /* Cubit_7_1_View.swift in Sources */ = {isa = PBXBuildFile; fileRef = 34D48EAC2B9D6F4900908C49 /* Cubit_7_1_View.swift */; };
		34D48EAF2B9D6F7200908C49 /* Cubit_6_2_View.swift in Sources */ = {isa = PBXBuildFile; fileRef = 34D48EAE2B9D6F7200908C49 /* Cubit_6_2_View.swift */; };
		34D93A072B99A296003DB825 /* Cubit_2_2_View.swift in Sources */ = {isa = PBXBuildFile; fileRef = 34D93A062B99A296003DB825 /* Cubit_2_2_View.swift */; };
		34D93A092B99ABA5003DB825 /* Cubit_2-1.scn in Resources */ = {isa = PBXBuildFile; fileRef = 34D93A082B99ABA5003DB825 /* Cubit_2-1.scn */; };
		34D93A0B2B99AD06003DB825 /* Cubit_2-2.scn in Resources */ = {isa = PBXBuildFile; fileRef = 34D93A0A2B99AD05003DB825 /* Cubit_2-2.scn */; };
		82D295362BA63A130098B105 /* SignIn.swift in Sources */ = {isa = PBXBuildFile; fileRef = 82D295352BA63A130098B105 /* SignIn.swift */; };
		82D295382BA6458D0098B105 /* SelectFile.swift in Sources */ = {isa = PBXBuildFile; fileRef = 82D295372BA6458D0098B105 /* SelectFile.swift */; };
		B570A8FF2B79F9860095ED37 /* GlobalStates.swift in Sources */ = {isa = PBXBuildFile; fileRef = B570A8FE2B79F9860095ED37 /* GlobalStates.swift */; };
		B570A9012B7B32440095ED37 /* UploadedFiles.swift in Sources */ = {isa = PBXBuildFile; fileRef = B570A9002B7B32440095ED37 /* UploadedFiles.swift */; };
		B573C83B2B57B305006F79E1 /* CustomBar.swift in Sources */ = {isa = PBXBuildFile; fileRef = B573C83A2B57B305006F79E1 /* CustomBar.swift */; };
		B57A90372B9ED80F00C8A768 /* Layer_1.swift in Sources */ = {isa = PBXBuildFile; fileRef = B57A90362B9ED80F00C8A768 /* Layer_1.swift */; };
		B57A90392B9ED82100C8A768 /* Layer_2.swift in Sources */ = {isa = PBXBuildFile; fileRef = B57A90382B9ED82100C8A768 /* Layer_2.swift */; };
		B57A903B2B9ED82E00C8A768 /* Layer_3.swift in Sources */ = {isa = PBXBuildFile; fileRef = B57A903A2B9ED82E00C8A768 /* Layer_3.swift */; };
		B57A903D2B9ED86B00C8A768 /* Layer_4.swift in Sources */ = {isa = PBXBuildFile; fileRef = B57A903C2B9ED86B00C8A768 /* Layer_4.swift */; };
		B57A903F2B9ED8D500C8A768 /* PostInstructions.swift in Sources */ = {isa = PBXBuildFile; fileRef = B57A903E2B9ED8D500C8A768 /* PostInstructions.swift */; };
		B57A90432BA0196400C8A768 /* NavButton.swift in Sources */ = {isa = PBXBuildFile; fileRef = B57A90422BA0196400C8A768 /* NavButton.swift */; };
		B57A90482BA0243600C8A768 /* Assets in Resources */ = {isa = PBXBuildFile; fileRef = B57A90472BA0243600C8A768 /* Assets */; };
		B57A904C2BA6952000C8A768 /* UnitViewer.swift in Sources */ = {isa = PBXBuildFile; fileRef = B57A904B2BA6952000C8A768 /* UnitViewer.swift */; };
		B57A904E2BA6B4F600C8A768 /* LayerView.swift in Sources */ = {isa = PBXBuildFile; fileRef = B57A904D2BA6B4F600C8A768 /* LayerView.swift */; };
		B57A90522BA6BC8B00C8A768 /* InstructionsView.swift in Sources */ = {isa = PBXBuildFile; fileRef = B57A90512BA6BC8B00C8A768 /* InstructionsView.swift */; };
		B580C1FE2B5B79F400F77808 /* Model.swift in Sources */ = {isa = PBXBuildFile; fileRef = B580C1FD2B5B79F400F77808 /* Model.swift */; };
		B591B7FC2B69C9A400482649 /* Guide.swift in Sources */ = {isa = PBXBuildFile; fileRef = B591B7FB2B69C9A400482649 /* Guide.swift */; };
		B5993E392B48AB2300D2E79C /* Build.swift in Sources */ = {isa = PBXBuildFile; fileRef = B5993E382B48AB2300D2E79C /* Build.swift */; };
		B5F0EF552B46083C002F9F8B /* Home.swift in Sources */ = {isa = PBXBuildFile; fileRef = B5F0EF542B46083C002F9F8B /* Home.swift */; };
		B5F0EF592B460A32002F9F8B /* Profile.swift in Sources */ = {isa = PBXBuildFile; fileRef = B5F0EF582B460A32002F9F8B /* Profile.swift */; };
		B5F8E46B2B46036A008CB69C /* SwiftCubitsApp.swift in Sources */ = {isa = PBXBuildFile; fileRef = B5F8E46A2B46036A008CB69C /* SwiftCubitsApp.swift */; };
		B5F8E46D2B46036A008CB69C /* ContentView.swift in Sources */ = {isa = PBXBuildFile; fileRef = B5F8E46C2B46036A008CB69C /* ContentView.swift */; };
		B5F8E46F2B46036B008CB69C /* Assets.xcassets in Resources */ = {isa = PBXBuildFile; fileRef = B5F8E46E2B46036B008CB69C /* Assets.xcassets */; };
		B5F8E4722B46036B008CB69C /* Preview Assets.xcassets in Resources */ = {isa = PBXBuildFile; fileRef = B5F8E4712B46036B008CB69C /* Preview Assets.xcassets */; };
		B5F8E47C2B46036B008CB69C /* SwiftCubitsTests.swift in Sources */ = {isa = PBXBuildFile; fileRef = B5F8E47B2B46036B008CB69C /* SwiftCubitsTests.swift */; };
		B5F8E4862B46036B008CB69C /* SwiftCubitsUITests.swift in Sources */ = {isa = PBXBuildFile; fileRef = B5F8E4852B46036B008CB69C /* SwiftCubitsUITests.swift */; };
		B5F8E4882B46036B008CB69C /* SwiftCubitsUITestsLaunchTests.swift in Sources */ = {isa = PBXBuildFile; fileRef = B5F8E4872B46036B008CB69C /* SwiftCubitsUITestsLaunchTests.swift */; };
/* End PBXBuildFile section */

/* Begin PBXContainerItemProxy section */
		B5F8E4782B46036B008CB69C /* PBXContainerItemProxy */ = {
			isa = PBXContainerItemProxy;
			containerPortal = B5F8E45F2B46036A008CB69C /* Project object */;
			proxyType = 1;
			remoteGlobalIDString = B5F8E4662B46036A008CB69C;
			remoteInfo = SwiftCubits;
		};
		B5F8E4822B46036B008CB69C /* PBXContainerItemProxy */ = {
			isa = PBXContainerItemProxy;
			containerPortal = B5F8E45F2B46036A008CB69C /* Project object */;
			proxyType = 1;
			remoteGlobalIDString = B5F8E4662B46036A008CB69C;
			remoteInfo = SwiftCubits;
		};
/* End PBXContainerItemProxy section */

/* Begin PBXFileReference section */
		344FA4A42B96EE8C0025D4DB /* Cubits */ = {isa = PBXFileReference; fileEncoding = 4; lastKnownFileType = text; name = Cubits; path = SwiftCubits/Cubits; sourceTree = SOURCE_ROOT; };
		344FA4A82B96FB880025D4DB /* CubitsCatalog.scnassets */ = {isa = PBXFileReference; lastKnownFileType = wrapper.scnassets; path = CubitsCatalog.scnassets; sourceTree = "<group>"; };
		344FA4AA2B970F850025D4DB /* CTest.scn */ = {isa = PBXFileReference; lastKnownFileType = file.bplist; name = CTest.scn; path = SwiftCubits/Cubits/CTest.scn; sourceTree = "<group>"; };
		346C21F22B8DD587003CC59D /* SingleCubitView.swift */ = {isa = PBXFileReference; fileEncoding = 4; lastKnownFileType = sourcecode.swift; path = SingleCubitView.swift; sourceTree = "<group>"; };
		346C21F32B8DD588003CC59D /* PreInstructions.swift */ = {isa = PBXFileReference; fileEncoding = 4; lastKnownFileType = sourcecode.swift; path = PreInstructions.swift; sourceTree = "<group>"; };
		346C21F42B8DD588003CC59D /* SheetView.swift */ = {isa = PBXFileReference; fileEncoding = 4; lastKnownFileType = sourcecode.swift; path = SheetView.swift; sourceTree = "<group>"; };
		346D24BC2B62846A00B06FBE /* UserManager.swift */ = {isa = PBXFileReference; lastKnownFileType = sourcecode.swift; path = UserManager.swift; sourceTree = "<group>"; };
		346D24BE2B628F0000B06FBE /* GoogleService-Info.plist */ = {isa = PBXFileReference; fileEncoding = 4; lastKnownFileType = text.plist.xml; path = "GoogleService-Info.plist"; sourceTree = "<group>"; };
		346D24C82B62925400B06FBE /* AuthView.swift */ = {isa = PBXFileReference; lastKnownFileType = sourcecode.swift; path = AuthView.swift; sourceTree = "<group>"; };
		346D24CB2B629F6A00B06FBE /* AuthManager.swift */ = {isa = PBXFileReference; lastKnownFileType = sourcecode.swift; path = AuthManager.swift; sourceTree = "<group>"; };
		346D24D32B663E4200B06FBE /* AuthViewModel.swift */ = {isa = PBXFileReference; lastKnownFileType = sourcecode.swift; path = AuthViewModel.swift; sourceTree = "<group>"; };
		346D24D52B663EB900B06FBE /* AuthDataResultModel.swift */ = {isa = PBXFileReference; lastKnownFileType = sourcecode.swift; path = AuthDataResultModel.swift; sourceTree = "<group>"; };
		346D24D72B663F0A00B06FBE /* SettingsViewModel.swift */ = {isa = PBXFileReference; lastKnownFileType = sourcecode.swift; path = SettingsViewModel.swift; sourceTree = "<group>"; };
		34D48EA22B9D5DB200908C49 /* Cubit_5_4_View.swift */ = {isa = PBXFileReference; lastKnownFileType = sourcecode.swift; path = Cubit_5_4_View.swift; sourceTree = "<group>"; };
		34D48EA42B9D65E900908C49 /* Cubit_5-4.scn */ = {isa = PBXFileReference; lastKnownFileType = file.bplist; name = "Cubit_5-4.scn"; path = "SwiftCubits/Cubits/Cubit_5-4.scn"; sourceTree = "<group>"; };
		34D48EA82B9D6E6E00908C49 /* Cubit_6-2.scn */ = {isa = PBXFileReference; lastKnownFileType = file.bplist; name = "Cubit_6-2.scn"; path = "SwiftCubits/Cubits/Cubit_6-2.scn"; sourceTree = "<group>"; };
		34D48EAA2B9D6F1F00908C49 /* Cubit_7-1.scn */ = {isa = PBXFileReference; lastKnownFileType = file.bplist; name = "Cubit_7-1.scn"; path = "SwiftCubits/Cubits/Cubit_7-1.scn"; sourceTree = "<group>"; };
		34D48EAC2B9D6F4900908C49 /* Cubit_7_1_View.swift */ = {isa = PBXFileReference; lastKnownFileType = sourcecode.swift; path = Cubit_7_1_View.swift; sourceTree = "<group>"; };
		34D48EAE2B9D6F7200908C49 /* Cubit_6_2_View.swift */ = {isa = PBXFileReference; lastKnownFileType = sourcecode.swift; path = Cubit_6_2_View.swift; sourceTree = "<group>"; };
		34D93A062B99A296003DB825 /* Cubit_2_2_View.swift */ = {isa = PBXFileReference; lastKnownFileType = sourcecode.swift; path = Cubit_2_2_View.swift; sourceTree = "<group>"; };
		34D93A082B99ABA5003DB825 /* Cubit_2-1.scn */ = {isa = PBXFileReference; lastKnownFileType = file.bplist; name = "Cubit_2-1.scn"; path = "SwiftCubits/Cubits/Cubit_2-1.scn"; sourceTree = "<group>"; };
		34D93A0A2B99AD05003DB825 /* Cubit_2-2.scn */ = {isa = PBXFileReference; lastKnownFileType = file.bplist; name = "Cubit_2-2.scn"; path = "SwiftCubits/Cubits/Cubit_2-2.scn"; sourceTree = "<group>"; };
		82D295352BA63A130098B105 /* SignIn.swift */ = {isa = PBXFileReference; lastKnownFileType = sourcecode.swift; path = SignIn.swift; sourceTree = "<group>"; };
		82D295372BA6458D0098B105 /* SelectFile.swift */ = {isa = PBXFileReference; lastKnownFileType = sourcecode.swift; path = SelectFile.swift; sourceTree = "<group>"; };
		B570A8FE2B79F9860095ED37 /* GlobalStates.swift */ = {isa = PBXFileReference; lastKnownFileType = sourcecode.swift; path = GlobalStates.swift; sourceTree = "<group>"; };
		B570A9002B7B32440095ED37 /* UploadedFiles.swift */ = {isa = PBXFileReference; lastKnownFileType = sourcecode.swift; path = UploadedFiles.swift; sourceTree = "<group>"; };
		B573C83A2B57B305006F79E1 /* CustomBar.swift */ = {isa = PBXFileReference; lastKnownFileType = sourcecode.swift; path = CustomBar.swift; sourceTree = "<group>"; };
		B57A90362B9ED80F00C8A768 /* Layer_1.swift */ = {isa = PBXFileReference; lastKnownFileType = sourcecode.swift; path = Layer_1.swift; sourceTree = "<group>"; };
		B57A90382B9ED82100C8A768 /* Layer_2.swift */ = {isa = PBXFileReference; lastKnownFileType = sourcecode.swift; path = Layer_2.swift; sourceTree = "<group>"; };
		B57A903A2B9ED82E00C8A768 /* Layer_3.swift */ = {isa = PBXFileReference; lastKnownFileType = sourcecode.swift; path = Layer_3.swift; sourceTree = "<group>"; };
		B57A903C2B9ED86B00C8A768 /* Layer_4.swift */ = {isa = PBXFileReference; lastKnownFileType = sourcecode.swift; path = Layer_4.swift; sourceTree = "<group>"; };
		B57A903E2B9ED8D500C8A768 /* PostInstructions.swift */ = {isa = PBXFileReference; lastKnownFileType = sourcecode.swift; path = PostInstructions.swift; sourceTree = "<group>"; };
		B57A90422BA0196400C8A768 /* NavButton.swift */ = {isa = PBXFileReference; lastKnownFileType = sourcecode.swift; path = NavButton.swift; sourceTree = "<group>"; };
		B57A90472BA0243600C8A768 /* Assets */ = {isa = PBXFileReference; lastKnownFileType = folder; path = Assets; sourceTree = "<group>"; };
		B57A904B2BA6952000C8A768 /* UnitViewer.swift */ = {isa = PBXFileReference; lastKnownFileType = sourcecode.swift; path = UnitViewer.swift; sourceTree = "<group>"; };
		B57A904D2BA6B4F600C8A768 /* LayerView.swift */ = {isa = PBXFileReference; lastKnownFileType = sourcecode.swift; path = LayerView.swift; sourceTree = "<group>"; };
		B57A90512BA6BC8B00C8A768 /* InstructionsView.swift */ = {isa = PBXFileReference; lastKnownFileType = sourcecode.swift; path = InstructionsView.swift; sourceTree = "<group>"; };
		B580C1FD2B5B79F400F77808 /* Model.swift */ = {isa = PBXFileReference; lastKnownFileType = sourcecode.swift; path = Model.swift; sourceTree = "<group>"; };
		B591B7FB2B69C9A400482649 /* Guide.swift */ = {isa = PBXFileReference; lastKnownFileType = sourcecode.swift; path = Guide.swift; sourceTree = "<group>"; };
		B5993E382B48AB2300D2E79C /* Build.swift */ = {isa = PBXFileReference; lastKnownFileType = sourcecode.swift; path = Build.swift; sourceTree = "<group>"; };
		B5F0EF542B46083C002F9F8B /* Home.swift */ = {isa = PBXFileReference; lastKnownFileType = sourcecode.swift; path = Home.swift; sourceTree = "<group>"; };
		B5F0EF582B460A32002F9F8B /* Profile.swift */ = {isa = PBXFileReference; lastKnownFileType = sourcecode.swift; path = Profile.swift; sourceTree = "<group>"; };
		B5F8E4672B46036A008CB69C /* SwiftCubits.app */ = {isa = PBXFileReference; explicitFileType = wrapper.application; includeInIndex = 0; path = SwiftCubits.app; sourceTree = BUILT_PRODUCTS_DIR; };
		B5F8E46A2B46036A008CB69C /* SwiftCubitsApp.swift */ = {isa = PBXFileReference; lastKnownFileType = sourcecode.swift; path = SwiftCubitsApp.swift; sourceTree = "<group>"; };
		B5F8E46C2B46036A008CB69C /* ContentView.swift */ = {isa = PBXFileReference; lastKnownFileType = sourcecode.swift; path = ContentView.swift; sourceTree = "<group>"; };
		B5F8E46E2B46036B008CB69C /* Assets.xcassets */ = {isa = PBXFileReference; lastKnownFileType = folder.assetcatalog; path = Assets.xcassets; sourceTree = "<group>"; };
		B5F8E4712B46036B008CB69C /* Preview Assets.xcassets */ = {isa = PBXFileReference; lastKnownFileType = folder.assetcatalog; path = "Preview Assets.xcassets"; sourceTree = "<group>"; };
		B5F8E4772B46036B008CB69C /* SwiftCubitsTests.xctest */ = {isa = PBXFileReference; explicitFileType = wrapper.cfbundle; includeInIndex = 0; path = SwiftCubitsTests.xctest; sourceTree = BUILT_PRODUCTS_DIR; };
		B5F8E47B2B46036B008CB69C /* SwiftCubitsTests.swift */ = {isa = PBXFileReference; lastKnownFileType = sourcecode.swift; path = SwiftCubitsTests.swift; sourceTree = "<group>"; };
		B5F8E4812B46036B008CB69C /* SwiftCubitsUITests.xctest */ = {isa = PBXFileReference; explicitFileType = wrapper.cfbundle; includeInIndex = 0; path = SwiftCubitsUITests.xctest; sourceTree = BUILT_PRODUCTS_DIR; };
		B5F8E4852B46036B008CB69C /* SwiftCubitsUITests.swift */ = {isa = PBXFileReference; lastKnownFileType = sourcecode.swift; path = SwiftCubitsUITests.swift; sourceTree = "<group>"; };
		B5F8E4872B46036B008CB69C /* SwiftCubitsUITestsLaunchTests.swift */ = {isa = PBXFileReference; lastKnownFileType = sourcecode.swift; path = SwiftCubitsUITestsLaunchTests.swift; sourceTree = "<group>"; };
/* End PBXFileReference section */

/* Begin PBXFrameworksBuildPhase section */
		B5F8E4642B46036A008CB69C /* Frameworks */ = {
			isa = PBXFrameworksBuildPhase;
			buildActionMask = 2147483647;
			files = (
				346D24D12B662ADB00B06FBE /* FirebaseFirestoreSwift in Frameworks */,
				346D24C42B6290EF00B06FBE /* FirebaseAnalyticsSwift in Frameworks */,
				346D24CF2B662ADB00B06FBE /* FirebaseFirestore in Frameworks */,
				346D24C62B6290EF00B06FBE /* FirebaseAuth in Frameworks */,
				346D24C22B6290EF00B06FBE /* FirebaseAnalytics in Frameworks */,
			);
			runOnlyForDeploymentPostprocessing = 0;
		};
		B5F8E4742B46036B008CB69C /* Frameworks */ = {
			isa = PBXFrameworksBuildPhase;
			buildActionMask = 2147483647;
			files = (
			);
			runOnlyForDeploymentPostprocessing = 0;
		};
		B5F8E47E2B46036B008CB69C /* Frameworks */ = {
			isa = PBXFrameworksBuildPhase;
			buildActionMask = 2147483647;
			files = (
			);
			runOnlyForDeploymentPostprocessing = 0;
		};
/* End PBXFrameworksBuildPhase section */

/* Begin PBXGroup section */
		346D24CA2B629CBB00B06FBE /* Manager */ = {
			isa = PBXGroup;
			children = (
				346D24CB2B629F6A00B06FBE /* AuthManager.swift */,
				346D24BC2B62846A00B06FBE /* UserManager.swift */,
			);
			path = Manager;
			sourceTree = "<group>";
		};
		346D24CD2B662ADB00B06FBE /* Frameworks */ = {
			isa = PBXGroup;
			children = (
			);
			name = Frameworks;
			sourceTree = "<group>";
		};
		346D24D22B663E2900B06FBE /* ScreenModels */ = {
			isa = PBXGroup;
			children = (
				346D24D32B663E4200B06FBE /* AuthViewModel.swift */,
				346D24D52B663EB900B06FBE /* AuthDataResultModel.swift */,
				346D24D72B663F0A00B06FBE /* SettingsViewModel.swift */,
			);
			path = ScreenModels;
			sourceTree = "<group>";
		};
		34D93A052B99A225003DB825 /* CubitView */ = {
			isa = PBXGroup;
			children = (
				346C21F22B8DD587003CC59D /* SingleCubitView.swift */,
				346C21F42B8DD588003CC59D /* SheetView.swift */,
				34D93A062B99A296003DB825 /* Cubit_2_2_View.swift */,
				34D48EA22B9D5DB200908C49 /* Cubit_5_4_View.swift */,
				34D48EAE2B9D6F7200908C49 /* Cubit_6_2_View.swift */,
				34D48EAC2B9D6F4900908C49 /* Cubit_7_1_View.swift */,
			);
			path = CubitView;
			sourceTree = "<group>";
		};
		B56900692B61A84C000D2AB9 /* Components */ = {
			isa = PBXGroup;
			children = (
				B573C83A2B57B305006F79E1 /* CustomBar.swift */,
				B580C1FD2B5B79F400F77808 /* Model.swift */,
				B570A8FE2B79F9860095ED37 /* GlobalStates.swift */,
				B570A9002B7B32440095ED37 /* UploadedFiles.swift */,
				B57A90422BA0196400C8A768 /* NavButton.swift */,
				B57A904B2BA6952000C8A768 /* UnitViewer.swift */,
				B57A904D2BA6B4F600C8A768 /* LayerView.swift */,
				B57A90512BA6BC8B00C8A768 /* InstructionsView.swift */,
			);
			path = Components;
			sourceTree = "<group>";
		};
		B5B8D0E42B48B99E005FE67B /* Onboarding */ = {
			isa = PBXGroup;
			children = (
				B591B7FB2B69C9A400482649 /* Guide.swift */,
			);
			path = Onboarding;
			sourceTree = "<group>";
		};
		B5B8D0E52B48B9B0005FE67B /* Building */ = {
			isa = PBXGroup;
			children = (
				34D93A052B99A225003DB825 /* CubitView */,
				346C21F32B8DD588003CC59D /* PreInstructions.swift */,
				B57A90362B9ED80F00C8A768 /* Layer_1.swift */,
				B57A90382B9ED82100C8A768 /* Layer_2.swift */,
				B57A903A2B9ED82E00C8A768 /* Layer_3.swift */,
				B57A903C2B9ED86B00C8A768 /* Layer_4.swift */,
				B57A903E2B9ED8D500C8A768 /* PostInstructions.swift */,
			);
			path = Building;
			sourceTree = "<group>";
		};
		B5F0EF512B4607F2002F9F8B /* Screens */ = {
			isa = PBXGroup;
			children = (
				346D24D22B663E2900B06FBE /* ScreenModels */,
				B5B8D0E52B48B9B0005FE67B /* Building */,
				B5B8D0E42B48B99E005FE67B /* Onboarding */,
				B5F0EF542B46083C002F9F8B /* Home.swift */,
				346D24C82B62925400B06FBE /* AuthView.swift */,
				B5F0EF582B460A32002F9F8B /* Profile.swift */,
				B5993E382B48AB2300D2E79C /* Build.swift */,
				82D295352BA63A130098B105 /* SignIn.swift */,
				82D295372BA6458D0098B105 /* SelectFile.swift */,
			);
			path = Screens;
			sourceTree = "<group>";
		};
		B5F8E45E2B46036A008CB69C = {
			isa = PBXGroup;
			children = (
				34D48EAA2B9D6F1F00908C49 /* Cubit_7-1.scn */,
				34D48EA82B9D6E6E00908C49 /* Cubit_6-2.scn */,
				34D48EA42B9D65E900908C49 /* Cubit_5-4.scn */,
				34D93A0A2B99AD05003DB825 /* Cubit_2-2.scn */,
				34D93A082B99ABA5003DB825 /* Cubit_2-1.scn */,
				344FA4AA2B970F850025D4DB /* CTest.scn */,
				B5F8E4692B46036A008CB69C /* SwiftCubits */,
				B5F8E47A2B46036B008CB69C /* SwiftCubitsTests */,
				B5F8E4842B46036B008CB69C /* SwiftCubitsUITests */,
				B5F8E4682B46036A008CB69C /* Products */,
				346D24CD2B662ADB00B06FBE /* Frameworks */,
			);
			sourceTree = "<group>";
		};
		B5F8E4682B46036A008CB69C /* Products */ = {
			isa = PBXGroup;
			children = (
				B5F8E4672B46036A008CB69C /* SwiftCubits.app */,
				B5F8E4772B46036B008CB69C /* SwiftCubitsTests.xctest */,
				B5F8E4812B46036B008CB69C /* SwiftCubitsUITests.xctest */,
			);
			name = Products;
			sourceTree = "<group>";
		};
		B5F8E4692B46036A008CB69C /* SwiftCubits */ = {
			isa = PBXGroup;
			children = (
				B57A90472BA0243600C8A768 /* Assets */,
				344FA4A82B96FB880025D4DB /* CubitsCatalog.scnassets */,
				344FA4A42B96EE8C0025D4DB /* Cubits */,
				B56900692B61A84C000D2AB9 /* Components */,
				B5F0EF512B4607F2002F9F8B /* Screens */,
				346D24CA2B629CBB00B06FBE /* Manager */,
				B5F8E46A2B46036A008CB69C /* SwiftCubitsApp.swift */,
				B5F8E46C2B46036A008CB69C /* ContentView.swift */,
				B5F8E46E2B46036B008CB69C /* Assets.xcassets */,
				346D24BE2B628F0000B06FBE /* GoogleService-Info.plist */,
				B5F8E4702B46036B008CB69C /* Preview Content */,
			);
			path = SwiftCubits;
			sourceTree = "<group>";
		};
		B5F8E4702B46036B008CB69C /* Preview Content */ = {
			isa = PBXGroup;
			children = (
				B5F8E4712B46036B008CB69C /* Preview Assets.xcassets */,
			);
			path = "Preview Content";
			sourceTree = "<group>";
		};
		B5F8E47A2B46036B008CB69C /* SwiftCubitsTests */ = {
			isa = PBXGroup;
			children = (
				B5F8E47B2B46036B008CB69C /* SwiftCubitsTests.swift */,
			);
			path = SwiftCubitsTests;
			sourceTree = "<group>";
		};
		B5F8E4842B46036B008CB69C /* SwiftCubitsUITests */ = {
			isa = PBXGroup;
			children = (
				B5F8E4852B46036B008CB69C /* SwiftCubitsUITests.swift */,
				B5F8E4872B46036B008CB69C /* SwiftCubitsUITestsLaunchTests.swift */,
			);
			path = SwiftCubitsUITests;
			sourceTree = "<group>";
		};
/* End PBXGroup section */

/* Begin PBXNativeTarget section */
		B5F8E4662B46036A008CB69C /* SwiftCubits */ = {
			isa = PBXNativeTarget;
			buildConfigurationList = B5F8E48B2B46036B008CB69C /* Build configuration list for PBXNativeTarget "SwiftCubits" */;
			buildPhases = (
				B5F8E4632B46036A008CB69C /* Sources */,
				B5F8E4642B46036A008CB69C /* Frameworks */,
				B5F8E4652B46036A008CB69C /* Resources */,
			);
			buildRules = (
			);
			dependencies = (
			);
			name = SwiftCubits;
			packageProductDependencies = (
				346D24C12B6290EF00B06FBE /* FirebaseAnalytics */,
				346D24C32B6290EF00B06FBE /* FirebaseAnalyticsSwift */,
				346D24C52B6290EF00B06FBE /* FirebaseAuth */,
				346D24CE2B662ADB00B06FBE /* FirebaseFirestore */,
				346D24D02B662ADB00B06FBE /* FirebaseFirestoreSwift */,
			);
			productName = SwiftCubits;
			productReference = B5F8E4672B46036A008CB69C /* SwiftCubits.app */;
			productType = "com.apple.product-type.application";
		};
		B5F8E4762B46036B008CB69C /* SwiftCubitsTests */ = {
			isa = PBXNativeTarget;
			buildConfigurationList = B5F8E48E2B46036B008CB69C /* Build configuration list for PBXNativeTarget "SwiftCubitsTests" */;
			buildPhases = (
				B5F8E4732B46036B008CB69C /* Sources */,
				B5F8E4742B46036B008CB69C /* Frameworks */,
				B5F8E4752B46036B008CB69C /* Resources */,
			);
			buildRules = (
			);
			dependencies = (
				B5F8E4792B46036B008CB69C /* PBXTargetDependency */,
			);
			name = SwiftCubitsTests;
			productName = SwiftCubitsTests;
			productReference = B5F8E4772B46036B008CB69C /* SwiftCubitsTests.xctest */;
			productType = "com.apple.product-type.bundle.unit-test";
		};
		B5F8E4802B46036B008CB69C /* SwiftCubitsUITests */ = {
			isa = PBXNativeTarget;
			buildConfigurationList = B5F8E4912B46036B008CB69C /* Build configuration list for PBXNativeTarget "SwiftCubitsUITests" */;
			buildPhases = (
				B5F8E47D2B46036B008CB69C /* Sources */,
				B5F8E47E2B46036B008CB69C /* Frameworks */,
				B5F8E47F2B46036B008CB69C /* Resources */,
			);
			buildRules = (
			);
			dependencies = (
				B5F8E4832B46036B008CB69C /* PBXTargetDependency */,
			);
			name = SwiftCubitsUITests;
			productName = SwiftCubitsUITests;
			productReference = B5F8E4812B46036B008CB69C /* SwiftCubitsUITests.xctest */;
			productType = "com.apple.product-type.bundle.ui-testing";
		};
/* End PBXNativeTarget section */

/* Begin PBXProject section */
		B5F8E45F2B46036A008CB69C /* Project object */ = {
			isa = PBXProject;
			attributes = {
				BuildIndependentTargetsInParallel = 1;
				LastSwiftUpdateCheck = 1500;
				LastUpgradeCheck = 1500;
				TargetAttributes = {
					B5F8E4662B46036A008CB69C = {
						CreatedOnToolsVersion = 15.0.1;
					};
					B5F8E4762B46036B008CB69C = {
						CreatedOnToolsVersion = 15.0.1;
						TestTargetID = B5F8E4662B46036A008CB69C;
					};
					B5F8E4802B46036B008CB69C = {
						CreatedOnToolsVersion = 15.0.1;
						TestTargetID = B5F8E4662B46036A008CB69C;
					};
				};
			};
			buildConfigurationList = B5F8E4622B46036A008CB69C /* Build configuration list for PBXProject "SwiftCubits" */;
			compatibilityVersion = "Xcode 14.0";
			developmentRegion = en;
			hasScannedForEncodings = 0;
			knownRegions = (
				en,
				Base,
			);
			mainGroup = B5F8E45E2B46036A008CB69C;
			packageReferences = (
				346D24C02B6290EF00B06FBE /* XCRemoteSwiftPackageReference "firebase-ios-sdk" */,
			);
			productRefGroup = B5F8E4682B46036A008CB69C /* Products */;
			projectDirPath = "";
			projectRoot = "";
			targets = (
				B5F8E4662B46036A008CB69C /* SwiftCubits */,
				B5F8E4762B46036B008CB69C /* SwiftCubitsTests */,
				B5F8E4802B46036B008CB69C /* SwiftCubitsUITests */,
			);
		};
/* End PBXProject section */

/* Begin PBXResourcesBuildPhase section */
		B5F8E4652B46036A008CB69C /* Resources */ = {
			isa = PBXResourcesBuildPhase;
			buildActionMask = 2147483647;
			files = (
				34D48EAB2B9D6F1F00908C49 /* Cubit_7-1.scn in Resources */,
				B57A90482BA0243600C8A768 /* Assets in Resources */,
				34D48EA92B9D6E6E00908C49 /* Cubit_6-2.scn in Resources */,
				34D48EA52B9D65E900908C49 /* Cubit_5-4.scn in Resources */,
				34D93A0B2B99AD06003DB825 /* Cubit_2-2.scn in Resources */,
				34D93A092B99ABA5003DB825 /* Cubit_2-1.scn in Resources */,
				344FA4AB2B970F850025D4DB /* CTest.scn in Resources */,
				344FA4A92B96FB880025D4DB /* CubitsCatalog.scnassets in Resources */,
				344FA4A52B96EE8C0025D4DB /* Cubits in Resources */,
				B5F8E4722B46036B008CB69C /* Preview Assets.xcassets in Resources */,
				B5F8E46F2B46036B008CB69C /* Assets.xcassets in Resources */,
				346D24BF2B628F0000B06FBE /* GoogleService-Info.plist in Resources */,
			);
			runOnlyForDeploymentPostprocessing = 0;
		};
		B5F8E4752B46036B008CB69C /* Resources */ = {
			isa = PBXResourcesBuildPhase;
			buildActionMask = 2147483647;
			files = (
			);
			runOnlyForDeploymentPostprocessing = 0;
		};
		B5F8E47F2B46036B008CB69C /* Resources */ = {
			isa = PBXResourcesBuildPhase;
			buildActionMask = 2147483647;
			files = (
			);
			runOnlyForDeploymentPostprocessing = 0;
		};
/* End PBXResourcesBuildPhase section */

/* Begin PBXSourcesBuildPhase section */
		B5F8E4632B46036A008CB69C /* Sources */ = {
			isa = PBXSourcesBuildPhase;
			buildActionMask = 2147483647;
			files = (
				B5F8E46D2B46036A008CB69C /* ContentView.swift in Sources */,
				B57A90522BA6BC8B00C8A768 /* InstructionsView.swift in Sources */,
				B5F0EF592B460A32002F9F8B /* Profile.swift in Sources */,
				346C21F82B8DD588003CC59D /* SheetView.swift in Sources */,
				346C21F72B8DD588003CC59D /* PreInstructions.swift in Sources */,
				B57A904C2BA6952000C8A768 /* UnitViewer.swift in Sources */,
				B57A904E2BA6B4F600C8A768 /* LayerView.swift in Sources */,
				34D48EAF2B9D6F7200908C49 /* Cubit_6_2_View.swift in Sources */,
				346C21F62B8DD588003CC59D /* SingleCubitView.swift in Sources */,
				346D24BD2B62846A00B06FBE /* UserManager.swift in Sources */,
				346D24D62B663EB900B06FBE /* AuthDataResultModel.swift in Sources */,
				B5993E392B48AB2300D2E79C /* Build.swift in Sources */,
				B57A90432BA0196400C8A768 /* NavButton.swift in Sources */,
				B5F0EF552B46083C002F9F8B /* Home.swift in Sources */,
				B57A90392B9ED82100C8A768 /* Layer_2.swift in Sources */,
				B573C83B2B57B305006F79E1 /* CustomBar.swift in Sources */,
				B57A903D2B9ED86B00C8A768 /* Layer_4.swift in Sources */,
				82D295362BA63A130098B105 /* SignIn.swift in Sources */,
				346D24C92B62925400B06FBE /* AuthView.swift in Sources */,
				346D24D42B663E4200B06FBE /* AuthViewModel.swift in Sources */,
				B57A903F2B9ED8D500C8A768 /* PostInstructions.swift in Sources */,
				B57A903F2B9ED8D500C8A768 /* PostInstructions.swift in Sources */,
				82D295382BA6458D0098B105 /* SelectFile.swift in Sources */,
				346D24CC2B629F6A00B06FBE /* AuthManager.swift in Sources */,
				34D48EAD2B9D6F4900908C49 /* Cubit_7_1_View.swift in Sources */,
				B57A90372B9ED80F00C8A768 /* Layer_1.swift in Sources */,
				34D93A072B99A296003DB825 /* Cubit_2_2_View.swift in Sources */,
				B580C1FE2B5B79F400F77808 /* Model.swift in Sources */,
				B591B7FC2B69C9A400482649 /* Guide.swift in Sources */,
				B57A903B2B9ED82E00C8A768 /* Layer_3.swift in Sources */,
				B570A8FF2B79F9860095ED37 /* GlobalStates.swift in Sources */,
				B5F8E46B2B46036A008CB69C /* SwiftCubitsApp.swift in Sources */,
				34D48EA32B9D5DB200908C49 /* Cubit_5_4_View.swift in Sources */,
				346D24D82B663F0A00B06FBE /* SettingsViewModel.swift in Sources */,
				B570A9012B7B32440095ED37 /* UploadedFiles.swift in Sources */,
			);
			runOnlyForDeploymentPostprocessing = 0;
		};
		B5F8E4732B46036B008CB69C /* Sources */ = {
			isa = PBXSourcesBuildPhase;
			buildActionMask = 2147483647;
			files = (
				B5F8E47C2B46036B008CB69C /* SwiftCubitsTests.swift in Sources */,
			);
			runOnlyForDeploymentPostprocessing = 0;
		};
		B5F8E47D2B46036B008CB69C /* Sources */ = {
			isa = PBXSourcesBuildPhase;
			buildActionMask = 2147483647;
			files = (
				B5F8E4882B46036B008CB69C /* SwiftCubitsUITestsLaunchTests.swift in Sources */,
				B5F8E4862B46036B008CB69C /* SwiftCubitsUITests.swift in Sources */,
			);
			runOnlyForDeploymentPostprocessing = 0;
		};
/* End PBXSourcesBuildPhase section */

/* Begin PBXTargetDependency section */
		B5F8E4792B46036B008CB69C /* PBXTargetDependency */ = {
			isa = PBXTargetDependency;
			target = B5F8E4662B46036A008CB69C /* SwiftCubits */;
			targetProxy = B5F8E4782B46036B008CB69C /* PBXContainerItemProxy */;
		};
		B5F8E4832B46036B008CB69C /* PBXTargetDependency */ = {
			isa = PBXTargetDependency;
			target = B5F8E4662B46036A008CB69C /* SwiftCubits */;
			targetProxy = B5F8E4822B46036B008CB69C /* PBXContainerItemProxy */;
		};
/* End PBXTargetDependency section */

/* Begin XCBuildConfiguration section */
		B5F8E4892B46036B008CB69C /* Debug */ = {
			isa = XCBuildConfiguration;
			buildSettings = {
				ALWAYS_SEARCH_USER_PATHS = NO;
				ASSETCATALOG_COMPILER_GENERATE_SWIFT_ASSET_SYMBOL_EXTENSIONS = YES;
				CLANG_ANALYZER_NONNULL = YES;
				CLANG_ANALYZER_NUMBER_OBJECT_CONVERSION = YES_AGGRESSIVE;
				CLANG_CXX_LANGUAGE_STANDARD = "gnu++20";
				CLANG_ENABLE_MODULES = YES;
				CLANG_ENABLE_OBJC_ARC = YES;
				CLANG_ENABLE_OBJC_WEAK = YES;
				CLANG_WARN_BLOCK_CAPTURE_AUTORELEASING = YES;
				CLANG_WARN_BOOL_CONVERSION = YES;
				CLANG_WARN_COMMA = YES;
				CLANG_WARN_CONSTANT_CONVERSION = YES;
				CLANG_WARN_DEPRECATED_OBJC_IMPLEMENTATIONS = YES;
				CLANG_WARN_DIRECT_OBJC_ISA_USAGE = YES_ERROR;
				CLANG_WARN_DOCUMENTATION_COMMENTS = YES;
				CLANG_WARN_EMPTY_BODY = YES;
				CLANG_WARN_ENUM_CONVERSION = YES;
				CLANG_WARN_INFINITE_RECURSION = YES;
				CLANG_WARN_INT_CONVERSION = YES;
				CLANG_WARN_NON_LITERAL_NULL_CONVERSION = YES;
				CLANG_WARN_OBJC_IMPLICIT_RETAIN_SELF = YES;
				CLANG_WARN_OBJC_LITERAL_CONVERSION = YES;
				CLANG_WARN_OBJC_ROOT_CLASS = YES_ERROR;
				CLANG_WARN_QUOTED_INCLUDE_IN_FRAMEWORK_HEADER = YES;
				CLANG_WARN_RANGE_LOOP_ANALYSIS = YES;
				CLANG_WARN_STRICT_PROTOTYPES = YES;
				CLANG_WARN_SUSPICIOUS_MOVE = YES;
				CLANG_WARN_UNGUARDED_AVAILABILITY = YES_AGGRESSIVE;
				CLANG_WARN_UNREACHABLE_CODE = YES;
				CLANG_WARN__DUPLICATE_METHOD_MATCH = YES;
				COPY_PHASE_STRIP = NO;
				DEBUG_INFORMATION_FORMAT = dwarf;
				ENABLE_STRICT_OBJC_MSGSEND = YES;
				ENABLE_TESTABILITY = YES;
				ENABLE_USER_SCRIPT_SANDBOXING = YES;
				GCC_C_LANGUAGE_STANDARD = gnu17;
				GCC_DYNAMIC_NO_PIC = NO;
				GCC_NO_COMMON_BLOCKS = YES;
				GCC_OPTIMIZATION_LEVEL = 0;
				GCC_PREPROCESSOR_DEFINITIONS = (
					"DEBUG=1",
					"$(inherited)",
				);
				GCC_WARN_64_TO_32_BIT_CONVERSION = YES;
				GCC_WARN_ABOUT_RETURN_TYPE = YES_ERROR;
				GCC_WARN_UNDECLARED_SELECTOR = YES;
				GCC_WARN_UNINITIALIZED_AUTOS = YES_AGGRESSIVE;
				GCC_WARN_UNUSED_FUNCTION = YES;
				GCC_WARN_UNUSED_VARIABLE = YES;
				IPHONEOS_DEPLOYMENT_TARGET = 17.0;
				LOCALIZATION_PREFERS_STRING_CATALOGS = YES;
				MTL_ENABLE_DEBUG_INFO = INCLUDE_SOURCE;
				MTL_FAST_MATH = YES;
				ONLY_ACTIVE_ARCH = YES;
				SDKROOT = iphoneos;
				SWIFT_ACTIVE_COMPILATION_CONDITIONS = "DEBUG $(inherited)";
				SWIFT_OPTIMIZATION_LEVEL = "-Onone";
			};
			name = Debug;
		};
		B5F8E48A2B46036B008CB69C /* Release */ = {
			isa = XCBuildConfiguration;
			buildSettings = {
				ALWAYS_SEARCH_USER_PATHS = NO;
				ASSETCATALOG_COMPILER_GENERATE_SWIFT_ASSET_SYMBOL_EXTENSIONS = YES;
				CLANG_ANALYZER_NONNULL = YES;
				CLANG_ANALYZER_NUMBER_OBJECT_CONVERSION = YES_AGGRESSIVE;
				CLANG_CXX_LANGUAGE_STANDARD = "gnu++20";
				CLANG_ENABLE_MODULES = YES;
				CLANG_ENABLE_OBJC_ARC = YES;
				CLANG_ENABLE_OBJC_WEAK = YES;
				CLANG_WARN_BLOCK_CAPTURE_AUTORELEASING = YES;
				CLANG_WARN_BOOL_CONVERSION = YES;
				CLANG_WARN_COMMA = YES;
				CLANG_WARN_CONSTANT_CONVERSION = YES;
				CLANG_WARN_DEPRECATED_OBJC_IMPLEMENTATIONS = YES;
				CLANG_WARN_DIRECT_OBJC_ISA_USAGE = YES_ERROR;
				CLANG_WARN_DOCUMENTATION_COMMENTS = YES;
				CLANG_WARN_EMPTY_BODY = YES;
				CLANG_WARN_ENUM_CONVERSION = YES;
				CLANG_WARN_INFINITE_RECURSION = YES;
				CLANG_WARN_INT_CONVERSION = YES;
				CLANG_WARN_NON_LITERAL_NULL_CONVERSION = YES;
				CLANG_WARN_OBJC_IMPLICIT_RETAIN_SELF = YES;
				CLANG_WARN_OBJC_LITERAL_CONVERSION = YES;
				CLANG_WARN_OBJC_ROOT_CLASS = YES_ERROR;
				CLANG_WARN_QUOTED_INCLUDE_IN_FRAMEWORK_HEADER = YES;
				CLANG_WARN_RANGE_LOOP_ANALYSIS = YES;
				CLANG_WARN_STRICT_PROTOTYPES = YES;
				CLANG_WARN_SUSPICIOUS_MOVE = YES;
				CLANG_WARN_UNGUARDED_AVAILABILITY = YES_AGGRESSIVE;
				CLANG_WARN_UNREACHABLE_CODE = YES;
				CLANG_WARN__DUPLICATE_METHOD_MATCH = YES;
				COPY_PHASE_STRIP = NO;
				DEBUG_INFORMATION_FORMAT = "dwarf-with-dsym";
				ENABLE_NS_ASSERTIONS = NO;
				ENABLE_STRICT_OBJC_MSGSEND = YES;
				ENABLE_USER_SCRIPT_SANDBOXING = YES;
				GCC_C_LANGUAGE_STANDARD = gnu17;
				GCC_NO_COMMON_BLOCKS = YES;
				GCC_WARN_64_TO_32_BIT_CONVERSION = YES;
				GCC_WARN_ABOUT_RETURN_TYPE = YES_ERROR;
				GCC_WARN_UNDECLARED_SELECTOR = YES;
				GCC_WARN_UNINITIALIZED_AUTOS = YES_AGGRESSIVE;
				GCC_WARN_UNUSED_FUNCTION = YES;
				GCC_WARN_UNUSED_VARIABLE = YES;
				IPHONEOS_DEPLOYMENT_TARGET = 17.0;
				LOCALIZATION_PREFERS_STRING_CATALOGS = YES;
				MTL_ENABLE_DEBUG_INFO = NO;
				MTL_FAST_MATH = YES;
				SDKROOT = iphoneos;
				SWIFT_COMPILATION_MODE = wholemodule;
				VALIDATE_PRODUCT = YES;
			};
			name = Release;
		};
		B5F8E48C2B46036B008CB69C /* Debug */ = {
			isa = XCBuildConfiguration;
			buildSettings = {
				ASSETCATALOG_COMPILER_APPICON_NAME = AppIcon;
				ASSETCATALOG_COMPILER_GLOBAL_ACCENT_COLOR_NAME = AccentColor;
				CODE_SIGN_STYLE = Automatic;
				CURRENT_PROJECT_VERSION = 1;
				DEVELOPMENT_ASSET_PATHS = "\"SwiftCubits/Preview Content\"";
				DEVELOPMENT_TEAM = CB3SYQ78SK;
				ENABLE_PREVIEWS = YES;
				GENERATE_INFOPLIST_FILE = YES;
				INFOPLIST_KEY_UIApplicationSceneManifest_Generation = YES;
				INFOPLIST_KEY_UIApplicationSupportsIndirectInputEvents = YES;
				INFOPLIST_KEY_UILaunchScreen_Generation = YES;
				INFOPLIST_KEY_UISupportedInterfaceOrientations_iPad = "UIInterfaceOrientationPortrait UIInterfaceOrientationPortraitUpsideDown UIInterfaceOrientationLandscapeLeft UIInterfaceOrientationLandscapeRight";
				INFOPLIST_KEY_UISupportedInterfaceOrientations_iPhone = "UIInterfaceOrientationPortrait UIInterfaceOrientationLandscapeLeft UIInterfaceOrientationLandscapeRight";
				LD_RUNPATH_SEARCH_PATHS = (
					"$(inherited)",
					"@executable_path/Frameworks",
				);
				MARKETING_VERSION = 1.0;
				PRODUCT_BUNDLE_IDENTIFIER = TMT.SwiftCubits;
				PRODUCT_NAME = "$(TARGET_NAME)";
				SWIFT_EMIT_LOC_STRINGS = YES;
				SWIFT_VERSION = 5.0;
				TARGETED_DEVICE_FAMILY = "1,2";
			};
			name = Debug;
		};
		B5F8E48D2B46036B008CB69C /* Release */ = {
			isa = XCBuildConfiguration;
			buildSettings = {
				ASSETCATALOG_COMPILER_APPICON_NAME = AppIcon;
				ASSETCATALOG_COMPILER_GLOBAL_ACCENT_COLOR_NAME = AccentColor;
				CODE_SIGN_STYLE = Automatic;
				CURRENT_PROJECT_VERSION = 1;
				DEVELOPMENT_ASSET_PATHS = "\"SwiftCubits/Preview Content\"";
				DEVELOPMENT_TEAM = CB3SYQ78SK;
				ENABLE_PREVIEWS = YES;
				GENERATE_INFOPLIST_FILE = YES;
				INFOPLIST_KEY_UIApplicationSceneManifest_Generation = YES;
				INFOPLIST_KEY_UIApplicationSupportsIndirectInputEvents = YES;
				INFOPLIST_KEY_UILaunchScreen_Generation = YES;
				INFOPLIST_KEY_UISupportedInterfaceOrientations_iPad = "UIInterfaceOrientationPortrait UIInterfaceOrientationPortraitUpsideDown UIInterfaceOrientationLandscapeLeft UIInterfaceOrientationLandscapeRight";
				INFOPLIST_KEY_UISupportedInterfaceOrientations_iPhone = "UIInterfaceOrientationPortrait UIInterfaceOrientationLandscapeLeft UIInterfaceOrientationLandscapeRight";
				LD_RUNPATH_SEARCH_PATHS = (
					"$(inherited)",
					"@executable_path/Frameworks",
				);
				MARKETING_VERSION = 1.0;
				PRODUCT_BUNDLE_IDENTIFIER = TMT.SwiftCubits;
				PRODUCT_NAME = "$(TARGET_NAME)";
				SWIFT_EMIT_LOC_STRINGS = YES;
				SWIFT_VERSION = 5.0;
				TARGETED_DEVICE_FAMILY = "1,2";
			};
			name = Release;
		};
		B5F8E48F2B46036B008CB69C /* Debug */ = {
			isa = XCBuildConfiguration;
			buildSettings = {
				ALWAYS_EMBED_SWIFT_STANDARD_LIBRARIES = YES;
				BUNDLE_LOADER = "$(TEST_HOST)";
				CODE_SIGN_STYLE = Automatic;
				CURRENT_PROJECT_VERSION = 1;
				GENERATE_INFOPLIST_FILE = YES;
				IPHONEOS_DEPLOYMENT_TARGET = 17.0;
				MARKETING_VERSION = 1.0;
				PRODUCT_BUNDLE_IDENTIFIER = TMT.SwiftCubitsTests;
				PRODUCT_NAME = "$(TARGET_NAME)";
				SWIFT_EMIT_LOC_STRINGS = NO;
				SWIFT_VERSION = 5.0;
				TARGETED_DEVICE_FAMILY = "1,2";
				TEST_HOST = "$(BUILT_PRODUCTS_DIR)/SwiftCubits.app/$(BUNDLE_EXECUTABLE_FOLDER_PATH)/SwiftCubits";
			};
			name = Debug;
		};
		B5F8E4902B46036B008CB69C /* Release */ = {
			isa = XCBuildConfiguration;
			buildSettings = {
				ALWAYS_EMBED_SWIFT_STANDARD_LIBRARIES = YES;
				BUNDLE_LOADER = "$(TEST_HOST)";
				CODE_SIGN_STYLE = Automatic;
				CURRENT_PROJECT_VERSION = 1;
				GENERATE_INFOPLIST_FILE = YES;
				IPHONEOS_DEPLOYMENT_TARGET = 17.0;
				MARKETING_VERSION = 1.0;
				PRODUCT_BUNDLE_IDENTIFIER = TMT.SwiftCubitsTests;
				PRODUCT_NAME = "$(TARGET_NAME)";
				SWIFT_EMIT_LOC_STRINGS = NO;
				SWIFT_VERSION = 5.0;
				TARGETED_DEVICE_FAMILY = "1,2";
				TEST_HOST = "$(BUILT_PRODUCTS_DIR)/SwiftCubits.app/$(BUNDLE_EXECUTABLE_FOLDER_PATH)/SwiftCubits";
			};
			name = Release;
		};
		B5F8E4922B46036B008CB69C /* Debug */ = {
			isa = XCBuildConfiguration;
			buildSettings = {
				ALWAYS_EMBED_SWIFT_STANDARD_LIBRARIES = YES;
				CODE_SIGN_STYLE = Automatic;
				CURRENT_PROJECT_VERSION = 1;
				GENERATE_INFOPLIST_FILE = YES;
				MARKETING_VERSION = 1.0;
				PRODUCT_BUNDLE_IDENTIFIER = TMT.SwiftCubitsUITests;
				PRODUCT_NAME = "$(TARGET_NAME)";
				SWIFT_EMIT_LOC_STRINGS = NO;
				SWIFT_VERSION = 5.0;
				TARGETED_DEVICE_FAMILY = "1,2";
				TEST_TARGET_NAME = SwiftCubits;
			};
			name = Debug;
		};
		B5F8E4932B46036B008CB69C /* Release */ = {
			isa = XCBuildConfiguration;
			buildSettings = {
				ALWAYS_EMBED_SWIFT_STANDARD_LIBRARIES = YES;
				CODE_SIGN_STYLE = Automatic;
				CURRENT_PROJECT_VERSION = 1;
				GENERATE_INFOPLIST_FILE = YES;
				MARKETING_VERSION = 1.0;
				PRODUCT_BUNDLE_IDENTIFIER = TMT.SwiftCubitsUITests;
				PRODUCT_NAME = "$(TARGET_NAME)";
				SWIFT_EMIT_LOC_STRINGS = NO;
				SWIFT_VERSION = 5.0;
				TARGETED_DEVICE_FAMILY = "1,2";
				TEST_TARGET_NAME = SwiftCubits;
			};
			name = Release;
		};
/* End XCBuildConfiguration section */

/* Begin XCConfigurationList section */
		B5F8E4622B46036A008CB69C /* Build configuration list for PBXProject "SwiftCubits" */ = {
			isa = XCConfigurationList;
			buildConfigurations = (
				B5F8E4892B46036B008CB69C /* Debug */,
				B5F8E48A2B46036B008CB69C /* Release */,
			);
			defaultConfigurationIsVisible = 0;
			defaultConfigurationName = Release;
		};
		B5F8E48B2B46036B008CB69C /* Build configuration list for PBXNativeTarget "SwiftCubits" */ = {
			isa = XCConfigurationList;
			buildConfigurations = (
				B5F8E48C2B46036B008CB69C /* Debug */,
				B5F8E48D2B46036B008CB69C /* Release */,
			);
			defaultConfigurationIsVisible = 0;
			defaultConfigurationName = Release;
		};
		B5F8E48E2B46036B008CB69C /* Build configuration list for PBXNativeTarget "SwiftCubitsTests" */ = {
			isa = XCConfigurationList;
			buildConfigurations = (
				B5F8E48F2B46036B008CB69C /* Debug */,
				B5F8E4902B46036B008CB69C /* Release */,
			);
			defaultConfigurationIsVisible = 0;
			defaultConfigurationName = Release;
		};
		B5F8E4912B46036B008CB69C /* Build configuration list for PBXNativeTarget "SwiftCubitsUITests" */ = {
			isa = XCConfigurationList;
			buildConfigurations = (
				B5F8E4922B46036B008CB69C /* Debug */,
				B5F8E4932B46036B008CB69C /* Release */,
			);
			defaultConfigurationIsVisible = 0;
			defaultConfigurationName = Release;
		};
/* End XCConfigurationList section */

/* Begin XCRemoteSwiftPackageReference section */
		346D24C02B6290EF00B06FBE /* XCRemoteSwiftPackageReference "firebase-ios-sdk" */ = {
			isa = XCRemoteSwiftPackageReference;
			repositoryURL = "https://github.com/firebase/firebase-ios-sdk";
			requirement = {
				kind = upToNextMajorVersion;
				minimumVersion = 10.20.0;
			};
		};
/* End XCRemoteSwiftPackageReference section */

/* Begin XCSwiftPackageProductDependency section */
		346D24C12B6290EF00B06FBE /* FirebaseAnalytics */ = {
			isa = XCSwiftPackageProductDependency;
			package = 346D24C02B6290EF00B06FBE /* XCRemoteSwiftPackageReference "firebase-ios-sdk" */;
			productName = FirebaseAnalytics;
		};
		346D24C32B6290EF00B06FBE /* FirebaseAnalyticsSwift */ = {
			isa = XCSwiftPackageProductDependency;
			package = 346D24C02B6290EF00B06FBE /* XCRemoteSwiftPackageReference "firebase-ios-sdk" */;
			productName = FirebaseAnalyticsSwift;
		};
		346D24C52B6290EF00B06FBE /* FirebaseAuth */ = {
			isa = XCSwiftPackageProductDependency;
			package = 346D24C02B6290EF00B06FBE /* XCRemoteSwiftPackageReference "firebase-ios-sdk" */;
			productName = FirebaseAuth;
		};
		346D24CE2B662ADB00B06FBE /* FirebaseFirestore */ = {
			isa = XCSwiftPackageProductDependency;
			package = 346D24C02B6290EF00B06FBE /* XCRemoteSwiftPackageReference "firebase-ios-sdk" */;
			productName = FirebaseFirestore;
		};
		346D24D02B662ADB00B06FBE /* FirebaseFirestoreSwift */ = {
			isa = XCSwiftPackageProductDependency;
			package = 346D24C02B6290EF00B06FBE /* XCRemoteSwiftPackageReference "firebase-ios-sdk" */;
			productName = FirebaseFirestoreSwift;
		};
/* End XCSwiftPackageProductDependency section */
	};
	rootObject = B5F8E45F2B46036A008CB69C /* Project object */;
}
